
Microsoft Visual Studio Solution File, Format Version 12.00
# Visual Studio Version 17
VisualStudioVersion = 17.10.35013.160
MinimumVisualStudioVersion = 10.0.40219.1
Project("{FAE04EC0-301F-11D3-BF4B-00C04F79EFBC}") = "TicTacToeFacade", "TicTacToeFacade.csproj", "{08AC66DD-FBBB-464D-9C8E-9722AE9CFC05}"
EndProject
Global
	GlobalSection(SolutionConfigurationPlatforms) = preSolution
		Debug|Any CPU = Debug|Any CPU
		Release|Any CPU = Release|Any CPU
	EndGlobalSection
	GlobalSection(ProjectConfigurationPlatforms) = postSolution
		{08AC66DD-FBBB-464D-9C8E-9722AE9CFC05}.Debug|Any CPU.ActiveCfg = Debug|Any CPU
		{08AC66DD-FBBB-464D-9C8E-9722AE9CFC05}.Debug|Any CPU.Build.0 = Debug|Any CPU
		{08AC66DD-FBBB-464D-9C8E-9722AE9CFC05}.Release|Any CPU.ActiveCfg = Release|Any CPU
		{08AC66DD-FBBB-464D-9C8E-9722AE9CFC05}.Release|Any CPU.Build.0 = Release|Any CPU
	EndGlobalSection
	GlobalSection(SolutionProperties) = preSolution
		HideSolutionNode = FALSE
	EndGlobalSection
	GlobalSection(ExtensibilityGlobals) = postSolution
		SolutionGuid = {CB66B6D9-81A7-496F-BC40-EA9CCD3C3A70}
	EndGlobalSection
EndGlobal
